{
  "requires": true,
  "lockfileVersion": 1,
  "dependencies": {
    "@amplitude/analytics-core": {
      "version": "0.11.2",
      "resolved": "https://registry.npmjs.org/@amplitude/analytics-core/-/analytics-core-0.11.2.tgz",
      "integrity": "sha512-4yOzFc4IwGI7uRvBJIebxjpvG0peyf6zVcfuCRbkPXPz6HgUpssuseJsapdNKGGL+8oAtMA12EDQF5kIfFVvbA==",
      "requires": {
        "@amplitude/analytics-types": "^0.14.0",
        "tslib": "^2.4.1"
      }
    },
    "@amplitude/analytics-node": {
      "version": "1.0.2",
      "resolved": "https://registry.npmjs.org/@amplitude/analytics-node/-/analytics-node-1.0.2.tgz",
      "integrity": "sha512-lntyqhvMX6nlbarGKNV3cWq/2gyJTX3m+hFXdSgHUDEKpyA+N+NYGKst2y/7PAmxZOL14AsjkNdXPC1ibphwmQ==",
      "requires": {
        "@amplitude/analytics-core": "^0.11.2",
        "@amplitude/analytics-types": "^0.14.0",
        "tslib": "^2.4.1"
      }
    },
    "@amplitude/analytics-types": {
      "version": "0.14.0",
      "resolved": "https://registry.npmjs.org/@amplitude/analytics-types/-/analytics-types-0.14.0.tgz",
      "integrity": "sha512-O3E/KHyWCb4HAlYevqgCzqQdS+0LhbJV2IeVGox2eyCge+/lGwtGdJV2rJNWcoGf3p+BhnbqJBlhkPMs12iniA=="
    },
    "tslib": {
      "version": "2.4.1",
      "resolved": "https://registry.npmjs.org/tslib/-/tslib-2.4.1.tgz",
      "integrity": "sha512-tGyy4dAjRIEwI7BzsB0lynWgOpfqjUdq91XXAlIWD2OwKBH7oCl/GZG/HT4BOHrTlPMOASlMQ7veyTqpmRcrNA=="
    }
  }
}
